
Microsoft Visual Studio Solution File, Format Version 12.00
# Visual Studio Version 17
VisualStudioVersion = 17.3.32901.215
MinimumVisualStudioVersion = 10.0.40219.1
Project("{FAE04EC0-301F-11D3-BF4B-00C04F79EFBC}") = "WFHW7", "WFHW7\WFHW7.csproj", "{00960AE0-29EB-4652-BABC-120264195C58}"
EndProject
Global
	GlobalSection(SolutionConfigurationPlatforms) = preSolution
		Debug|Any CPU = Debug|Any CPU
		Release|Any CPU = Release|Any CPU
	EndGlobalSection
	GlobalSection(ProjectConfigurationPlatforms) = postSolution
		{00960AE0-29EB-4652-BABC-120264195C58}.Debug|Any CPU.ActiveCfg = Debug|Any CPU
		{00960AE0-29EB-4652-BABC-120264195C58}.Debug|Any CPU.Build.0 = Debug|Any CPU
		{00960AE0-29EB-4652-BABC-120264195C58}.Release|Any CPU.ActiveCfg = Release|Any CPU
		{00960AE0-29EB-4652-BABC-120264195C58}.Release|Any CPU.Build.0 = Release|Any CPU
	EndGlobalSection
	GlobalSection(SolutionProperties) = preSolution
		HideSolutionNode = FALSE
	EndGlobalSection
	GlobalSection(ExtensibilityGlobals) = postSolution
		SolutionGuid = {563F095D-0C63-4C9A-8ECA-17C4434DA071}
	EndGlobalSection
EndGlobal
